{
  "requires": true,
  "lockfileVersion": 1,
  "dependencies": {
    "nipplejs": {
      "version": "0.8.1",
      "resolved": "https://registry.npmjs.org/nipplejs/-/nipplejs-0.8.1.tgz",
      "integrity": "sha512-IdsyaLjfIz+9vEhW9PzxMPsO8wV5vBeSDPivedoQgln72WzuX8jB2405JRnQ6kTG4w3U5HBb9p1SZ5LZueHGLw=="
    }
  }
}
